# This file is autogenerated, do not edit; changes may be undone by the next 'dep ensure'.


[[projects]]
  name = "github.com/eclipse/paho.mqtt.golang"
  packages = [
    ".",
    "packets"
  ]
  revision = "36d01c2b4cbeb3d2a12063e4880ce30800af9560"
  version = "v1.1.1"

[[projects]]
  branch = "master"
  name = "github.com/kardianos/osext"
  packages = ["."]
  revision = "ae77be60afb1dcacde03767a8c37337fad28ac14"

[[projects]]
  name = "github.com/sevlyar/go-daemon"
  packages = ["."]
  revision = "97491df6ec974d292cb82c61906a1a4c6f29958b"
  version = "v0.1.3"

[[projects]]
  branch = "master"
  name = "golang.org/x/net"
  packages = [
    "internal/socks",
    "proxy",
    "websocket"
  ]
  revision = "9ef9f5bb98a1fdc41f8cf6c250a4404b4085e389"

[solve-meta]
  analyzer-name = "dep"
  analyzer-version = 1
  inputs-digest = "ba40094a34f6f0289d53718fb3303996d990ab17a11643484e908e199d973cd9"
  solver-name = "gps-cdcl"
  solver-version = 1
